
Microsoft Visual Studio Solution File, Format Version 12.00
# Visual Studio Version 16
VisualStudioVersion = 16.0.30517.126
MinimumVisualStudioVersion = 10.0.40219.1
Project("{FAE04EC0-301F-11D3-BF4B-00C04F79EFBC}") = "TriggerOnFileEvent", "TriggerOnFileEvent\TriggerOnFileEvent.csproj", "{91E13C82-1565-4A6B-A0BA-369373F23F20}"
EndProject
Project("{FAE04EC0-301F-11D3-BF4B-00C04F79EFBC}") = "lib", "lib\lib\lib.csproj", "{5C0F2EAA-A301-4D86-B64D-60ECA002B200}"
EndProject
Project("{FAE04EC0-301F-11D3-BF4B-00C04F79EFBC}") = "cli", "cli\cli\cli.csproj", "{BC2A49DE-8E10-4E00-BA33-C2D49D6897FB}"
EndProject
Project("{FAE04EC0-301F-11D3-BF4B-00C04F79EFBC}") = "UI", "UI\UI\UI.csproj", "{6162FDF1-3881-4567-BC15-A3BE76566F38}"
EndProject
Global
	GlobalSection(SolutionConfigurationPlatforms) = preSolution
		Debug|Any CPU = Debug|Any CPU
		Release|Any CPU = Release|Any CPU
	EndGlobalSection
	GlobalSection(ProjectConfigurationPlatforms) = postSolution
		{91E13C82-1565-4A6B-A0BA-369373F23F20}.Debug|Any CPU.ActiveCfg = Debug|Any CPU
		{91E13C82-1565-4A6B-A0BA-369373F23F20}.Debug|Any CPU.Build.0 = Debug|Any CPU
		{91E13C82-1565-4A6B-A0BA-369373F23F20}.Release|Any CPU.ActiveCfg = Release|Any CPU
		{91E13C82-1565-4A6B-A0BA-369373F23F20}.Release|Any CPU.Build.0 = Release|Any CPU
		{5C0F2EAA-A301-4D86-B64D-60ECA002B200}.Debug|Any CPU.ActiveCfg = Debug|Any CPU
		{5C0F2EAA-A301-4D86-B64D-60ECA002B200}.Debug|Any CPU.Build.0 = Debug|Any CPU
		{5C0F2EAA-A301-4D86-B64D-60ECA002B200}.Release|Any CPU.ActiveCfg = Release|Any CPU
		{5C0F2EAA-A301-4D86-B64D-60ECA002B200}.Release|Any CPU.Build.0 = Release|Any CPU
		{BC2A49DE-8E10-4E00-BA33-C2D49D6897FB}.Debug|Any CPU.ActiveCfg = Debug|Any CPU
		{BC2A49DE-8E10-4E00-BA33-C2D49D6897FB}.Debug|Any CPU.Build.0 = Debug|Any CPU
		{BC2A49DE-8E10-4E00-BA33-C2D49D6897FB}.Release|Any CPU.ActiveCfg = Release|Any CPU
		{BC2A49DE-8E10-4E00-BA33-C2D49D6897FB}.Release|Any CPU.Build.0 = Release|Any CPU
		{6162FDF1-3881-4567-BC15-A3BE76566F38}.Debug|Any CPU.ActiveCfg = Debug|Any CPU
		{6162FDF1-3881-4567-BC15-A3BE76566F38}.Debug|Any CPU.Build.0 = Debug|Any CPU
		{6162FDF1-3881-4567-BC15-A3BE76566F38}.Release|Any CPU.ActiveCfg = Release|Any CPU
		{6162FDF1-3881-4567-BC15-A3BE76566F38}.Release|Any CPU.Build.0 = Release|Any CPU
	EndGlobalSection
	GlobalSection(SolutionProperties) = preSolution
		HideSolutionNode = FALSE
	EndGlobalSection
	GlobalSection(ExtensibilityGlobals) = postSolution
		SolutionGuid = {BA9B41B8-1BD2-4EA7-8ED7-9007EE1A0B93}
	EndGlobalSection
EndGlobal
